
Microsoft Visual Studio Solution File, Format Version 12.00
# Visual Studio Version 17
VisualStudioVersion = 17.8.34511.84
MinimumVisualStudioVersion = 10.0.40219.1
Project("{FAE04EC0-301F-11D3-BF4B-00C04F79EFBC}") = "Log-in e senha", "Log-in e senha\Log-in e senha.csproj", "{628BE708-222B-47A1-B964-E73B15C4B0F0}"
EndProject
Global
	GlobalSection(SolutionConfigurationPlatforms) = preSolution
		Debug|Any CPU = Debug|Any CPU
		Release|Any CPU = Release|Any CPU
	EndGlobalSection
	GlobalSection(ProjectConfigurationPlatforms) = postSolution
		{628BE708-222B-47A1-B964-E73B15C4B0F0}.Debug|Any CPU.ActiveCfg = Debug|Any CPU
		{628BE708-222B-47A1-B964-E73B15C4B0F0}.Debug|Any CPU.Build.0 = Debug|Any CPU
		{628BE708-222B-47A1-B964-E73B15C4B0F0}.Release|Any CPU.ActiveCfg = Release|Any CPU
		{628BE708-222B-47A1-B964-E73B15C4B0F0}.Release|Any CPU.Build.0 = Release|Any CPU
	EndGlobalSection
	GlobalSection(SolutionProperties) = preSolution
		HideSolutionNode = FALSE
	EndGlobalSection
	GlobalSection(ExtensibilityGlobals) = postSolution
		SolutionGuid = {2EE7AA97-095B-4898-B0A4-0CEC3D879D58}
	EndGlobalSection
EndGlobal
