
Microsoft Visual Studio Solution File, Format Version 12.00
# Visual Studio Version 17
VisualStudioVersion = 17.5.002.0
MinimumVisualStudioVersion = 10.0.40219.1
Project("{9A19103F-16F7-4668-BE54-9A1E7A4F7556}") = "Log-in e senha", "Log-in e senha.csproj", "{C31ABD50-41F5-4006-B39F-9626AC350180}"
EndProject
Global
	GlobalSection(SolutionConfigurationPlatforms) = preSolution
		Debug|Any CPU = Debug|Any CPU
		Release|Any CPU = Release|Any CPU
	EndGlobalSection
	GlobalSection(ProjectConfigurationPlatforms) = postSolution
		{C31ABD50-41F5-4006-B39F-9626AC350180}.Debug|Any CPU.ActiveCfg = Debug|Any CPU
		{C31ABD50-41F5-4006-B39F-9626AC350180}.Debug|Any CPU.Build.0 = Debug|Any CPU
		{C31ABD50-41F5-4006-B39F-9626AC350180}.Release|Any CPU.ActiveCfg = Release|Any CPU
		{C31ABD50-41F5-4006-B39F-9626AC350180}.Release|Any CPU.Build.0 = Release|Any CPU
	EndGlobalSection
	GlobalSection(SolutionProperties) = preSolution
		HideSolutionNode = FALSE
	EndGlobalSection
	GlobalSection(ExtensibilityGlobals) = postSolution
		SolutionGuid = {B26482B0-794D-47B7-AC30-0C23E271DEF9}
	EndGlobalSection
EndGlobal
